
Microsoft Visual Studio Solution File, Format Version 12.00
# Visual Studio Version 17
VisualStudioVersion = 17.14.36408.4 d17.14
MinimumVisualStudioVersion = 10.0.40219.1
Project("{FAE04EC0-301F-11D3-BF4B-00C04F79EFBC}") = "StoryBlogger", "StoryBlogger\StoryBlogger.csproj", "{7BA832F4-31DD-405C-8CC3-154709E4255A}"
EndProject
Global
	GlobalSection(SolutionConfigurationPlatforms) = preSolution
		Debug|Any CPU = Debug|Any CPU
		Release|Any CPU = Release|Any CPU
	EndGlobalSection
	GlobalSection(ProjectConfigurationPlatforms) = postSolution
		{7BA832F4-31DD-405C-8CC3-154709E4255A}.Debug|Any CPU.ActiveCfg = Debug|Any CPU
		{7BA832F4-31DD-405C-8CC3-154709E4255A}.Debug|Any CPU.Build.0 = Debug|Any CPU
		{7BA832F4-31DD-405C-8CC3-154709E4255A}.Release|Any CPU.ActiveCfg = Release|Any CPU
		{7BA832F4-31DD-405C-8CC3-154709E4255A}.Release|Any CPU.Build.0 = Release|Any CPU
	EndGlobalSection
	GlobalSection(SolutionProperties) = preSolution
		HideSolutionNode = FALSE
	EndGlobalSection
	GlobalSection(ExtensibilityGlobals) = postSolution
		SolutionGuid = {E0E1BF71-4F3A-4EA8-B053-C434D74B6AB2}
	EndGlobalSection
EndGlobal
